
Microsoft Visual Studio Solution File, Format Version 12.00
# Visual Studio 15
VisualStudioVersion = 15.0.28307.168
MinimumVisualStudioVersion = 10.0.40219.1
Project("{FAE04EC0-301F-11D3-BF4B-00C04F79EFBC}") = "HelloCrossPlatformWorld.Droid", "HelloCrossPlatformWorld\HelloCrossPlatformWorld.Droid\HelloCrossPlatformWorld.Droid.csproj", "{7BBAEBA4-C094-4EDA-9CB7-C26099F542DC}"
EndProject
Project("{FAE04EC0-301F-11D3-BF4B-00C04F79EFBC}") = "HelloCrossPlatformWorld.Core", "HelloCrossPlatformWorld\HelloCrossPlatformWorld.Core\HelloCrossPlatformWorld.Core.csproj", "{BBE89CB0-B832-4E2F-ABD7-C2355D291198}"
EndProject
Project("{FAE04EC0-301F-11D3-BF4B-00C04F79EFBC}") = "HelloCrossPlatformWorld.iOS", "HelloCrossPlatformWorld\HelloCrossPlatformWorld.iOS\HelloCrossPlatformWorld.iOS.csproj", "{349BC5DE-FCE5-4642-89DB-88F8C6619C8A}"
EndProject
Global
	GlobalSection(SolutionConfigurationPlatforms) = preSolution
		Ad-Hoc|Any CPU = Ad-Hoc|Any CPU
		Ad-Hoc|ARM = Ad-Hoc|ARM
		Ad-Hoc|iPhone = Ad-Hoc|iPhone
		Ad-Hoc|iPhoneSimulator = Ad-Hoc|iPhoneSimulator
		Ad-Hoc|x64 = Ad-Hoc|x64
		Ad-Hoc|x86 = Ad-Hoc|x86
		AppStore|Any CPU = AppStore|Any CPU
		AppStore|ARM = AppStore|ARM
		AppStore|iPhone = AppStore|iPhone
		AppStore|iPhoneSimulator = AppStore|iPhoneSimulator
		AppStore|x64 = AppStore|x64
		AppStore|x86 = AppStore|x86
		Debug|Any CPU = Debug|Any CPU
		Debug|ARM = Debug|ARM
		Debug|iPhone = Debug|iPhone
		Debug|iPhoneSimulator = Debug|iPhoneSimulator
		Debug|x64 = Debug|x64
		Debug|x86 = Debug|x86
		Release|Any CPU = Release|Any CPU
		Release|ARM = Release|ARM
		Release|iPhone = Release|iPhone
		Release|iPhoneSimulator = Release|iPhoneSimulator
		Release|x64 = Release|x64
		Release|x86 = Release|x86
	EndGlobalSection
	GlobalSection(ProjectConfigurationPlatforms) = postSolution
		{7BBAEBA4-C094-4EDA-9CB7-C26099F542DC}.Ad-Hoc|Any CPU.ActiveCfg = Release|Any CPU
		{7BBAEBA4-C094-4EDA-9CB7-C26099F542DC}.Ad-Hoc|Any CPU.Build.0 = Release|Any CPU
		{7BBAEBA4-C094-4EDA-9CB7-C26099F542DC}.Ad-Hoc|Any CPU.Deploy.0 = Release|Any CPU
		{7BBAEBA4-C094-4EDA-9CB7-C26099F542DC}.Ad-Hoc|ARM.ActiveCfg = Release|Any CPU
		{7BBAEBA4-C094-4EDA-9CB7-C26099F542DC}.Ad-Hoc|ARM.Build.0 = Release|Any CPU
		{7BBAEBA4-C094-4EDA-9CB7-C26099F542DC}.Ad-Hoc|ARM.Deploy.0 = Release|Any CPU
		{7BBAEBA4-C094-4EDA-9CB7-C26099F542DC}.Ad-Hoc|iPhone.ActiveCfg = Release|Any CPU
		{7BBAEBA4-C094-4EDA-9CB7-C26099F542DC}.Ad-Hoc|iPhone.Build.0 = Release|Any CPU
		{7BBAEBA4-C094-4EDA-9CB7-C26099F542DC}.Ad-Hoc|iPhone.Deploy.0 = Release|Any CPU
		{7BBAEBA4-C094-4EDA-9CB7-C26099F542DC}.Ad-Hoc|iPhoneSimulator.ActiveCfg = Release|Any CPU
		{7BBAEBA4-C094-4EDA-9CB7-C26099F542DC}.Ad-Hoc|iPhoneSimulator.Build.0 = Release|Any CPU
		{7BBAEBA4-C094-4EDA-9CB7-C26099F542DC}.Ad-Hoc|iPhoneSimulator.Deploy.0 = Release|Any CPU
		{7BBAEBA4-C094-4EDA-9CB7-C26099F542DC}.Ad-Hoc|x64.ActiveCfg = Release|Any CPU
		{7BBAEBA4-C094-4EDA-9CB7-C26099F542DC}.Ad-Hoc|x64.Build.0 = Release|Any CPU
		{7BBAEBA4-C094-4EDA-9CB7-C26099F542DC}.Ad-Hoc|x64.Deploy.0 = Release|Any CPU
		{7BBAEBA4-C094-4EDA-9CB7-C26099F542DC}.Ad-Hoc|x86.ActiveCfg = Release|Any CPU
		{7BBAEBA4-C094-4EDA-9CB7-C26099F542DC}.Ad-Hoc|x86.Build.0 = Release|Any CPU
		{7BBAEBA4-C094-4EDA-9CB7-C26099F542DC}.Ad-Hoc|x86.Deploy.0 = Release|Any CPU
		{7BBAEBA4-C094-4EDA-9CB7-C26099F542DC}.AppStore|Any CPU.ActiveCfg = Release|Any CPU
		{7BBAEBA4-C094-4EDA-9CB7-C26099F542DC}.AppStore|Any CPU.Build.0 = Release|Any CPU
		{7BBAEBA4-C094-4EDA-9CB7-C26099F542DC}.AppStore|Any CPU.Deploy.0 = Release|Any CPU
		{7BBAEBA4-C094-4EDA-9CB7-C26099F542DC}.AppStore|ARM.ActiveCfg = Release|Any CPU
		{7BBAEBA4-C094-4EDA-9CB7-C26099F542DC}.AppStore|ARM.Build.0 = Release|Any CPU
		{7BBAEBA4-C094-4EDA-9CB7-C26099F542DC}.AppStore|ARM.Deploy.0 = Release|Any CPU
		{7BBAEBA4-C094-4EDA-9CB7-C26099F542DC}.AppStore|iPhone.ActiveCfg = Release|Any CPU
		{7BBAEBA4-C094-4EDA-9CB7-C26099F542DC}.AppStore|iPhone.Build.0 = Release|Any CPU
		{7BBAEBA4-C094-4EDA-9CB7-C26099F542DC}.AppStore|iPhone.Deploy.0 = Release|Any CPU
		{7BBAEBA4-C094-4EDA-9CB7-C26099F542DC}.AppStore|iPhoneSimulator.ActiveCfg = Release|Any CPU
		{7BBAEBA4-C094-4EDA-9CB7-C26099F542DC}.AppStore|iPhoneSimulator.Build.0 = Release|Any CPU
		{7BBAEBA4-C094-4EDA-9CB7-C26099F542DC}.AppStore|iPhoneSimulator.Deploy.0 = Release|Any CPU
		{7BBAEBA4-C094-4EDA-9CB7-C26099F542DC}.AppStore|x64.ActiveCfg = Release|Any CPU
		{7BBAEBA4-C094-4EDA-9CB7-C26099F542DC}.AppStore|x64.Build.0 = Release|Any CPU
		{7BBAEBA4-C094-4EDA-9CB7-C26099F542DC}.AppStore|x64.Deploy.0 = Release|Any CPU
		{7BBAEBA4-C094-4EDA-9CB7-C26099F542DC}.AppStore|x86.ActiveCfg = Release|Any CPU
		{7BBAEBA4-C094-4EDA-9CB7-C26099F542DC}.AppStore|x86.Build.0 = Release|Any CPU
		{7BBAEBA4-C094-4EDA-9CB7-C26099F542DC}.AppStore|x86.Deploy.0 = Release|Any CPU
		{7BBAEBA4-C094-4EDA-9CB7-C26099F542DC}.Debug|Any CPU.ActiveCfg = Debug|Any CPU
		{7BBAEBA4-C094-4EDA-9CB7-C26099F542DC}.Debug|Any CPU.Build.0 = Debug|Any CPU
		{7BBAEBA4-C094-4EDA-9CB7-C26099F542DC}.Debug|Any CPU.Deploy.0 = Debug|Any CPU
		{7BBAEBA4-C094-4EDA-9CB7-C26099F542DC}.Debug|ARM.ActiveCfg = Debug|Any CPU
		{7BBAEBA4-C094-4EDA-9CB7-C26099F542DC}.Debug|ARM.Build.0 = Debug|Any CPU
		{7BBAEBA4-C094-4EDA-9CB7-C26099F542DC}.Debug|ARM.Deploy.0 = Debug|Any CPU
		{7BBAEBA4-C094-4EDA-9CB7-C26099F542DC}.Debug|iPhone.ActiveCfg = Debug|Any CPU
		{7BBAEBA4-C094-4EDA-9CB7-C26099F542DC}.Debug|iPhone.Build.0 = Debug|Any CPU
		{7BBAEBA4-C094-4EDA-9CB7-C26099F542DC}.Debug|iPhone.Deploy.0 = Debug|Any CPU
		{7BBAEBA4-C094-4EDA-9CB7-C26099F542DC}.Debug|iPhoneSimulator.ActiveCfg = Debug|Any CPU
		{7BBAEBA4-C094-4EDA-9CB7-C26099F542DC}.Debug|iPhoneSimulator.Build.0 = Debug|Any CPU
		{7BBAEBA4-C094-4EDA-9CB7-C26099F542DC}.Debug|iPhoneSimulator.Deploy.0 = Debug|Any CPU
		{7BBAEBA4-C094-4EDA-9CB7-C26099F542DC}.Debug|x64.ActiveCfg = Debug|Any CPU
		{7BBAEBA4-C094-4EDA-9CB7-C26099F542DC}.Debug|x64.Build.0 = Debug|Any CPU
		{7BBAEBA4-C094-4EDA-9CB7-C26099F542DC}.Debug|x64.Deploy.0 = Debug|Any CPU
		{7BBAEBA4-C094-4EDA-9CB7-C26099F542DC}.Debug|x86.ActiveCfg = Debug|Any CPU
		{7BBAEBA4-C094-4EDA-9CB7-C26099F542DC}.Debug|x86.Build.0 = Debug|Any CPU
		{7BBAEBA4-C094-4EDA-9CB7-C26099F542DC}.Debug|x86.Deploy.0 = Debug|Any CPU
		{7BBAEBA4-C094-4EDA-9CB7-C26099F542DC}.Release|Any CPU.ActiveCfg = Release|Any CPU
		{7BBAEBA4-C094-4EDA-9CB7-C26099F542DC}.Release|Any CPU.Build.0 = Release|Any CPU
		{7BBAEBA4-C094-4EDA-9CB7-C26099F542DC}.Release|Any CPU.Deploy.0 = Release|Any CPU
		{7BBAEBA4-C094-4EDA-9CB7-C26099F542DC}.Release|ARM.ActiveCfg = Release|Any CPU
		{7BBAEBA4-C094-4EDA-9CB7-C26099F542DC}.Release|ARM.Build.0 = Release|Any CPU
		{7BBAEBA4-C094-4EDA-9CB7-C26099F542DC}.Release|ARM.Deploy.0 = Release|Any CPU
		{7BBAEBA4-C094-4EDA-9CB7-C26099F542DC}.Release|iPhone.ActiveCfg = Release|Any CPU
		{7BBAEBA4-C094-4EDA-9CB7-C26099F542DC}.Release|iPhone.Build.0 = Release|Any CPU
		{7BBAEBA4-C094-4EDA-9CB7-C26099F542DC}.Release|iPhone.Deploy.0 = Release|Any CPU
		{7BBAEBA4-C094-4EDA-9CB7-C26099F542DC}.Release|iPhoneSimulator.ActiveCfg = Release|Any CPU
		{7BBAEBA4-C094-4EDA-9CB7-C26099F542DC}.Release|iPhoneSimulator.Build.0 = Release|Any CPU
		{7BBAEBA4-C094-4EDA-9CB7-C26099F542DC}.Release|iPhoneSimulator.Deploy.0 = Release|Any CPU
		{7BBAEBA4-C094-4EDA-9CB7-C26099F542DC}.Release|x64.ActiveCfg = Release|Any CPU
		{7BBAEBA4-C094-4EDA-9CB7-C26099F542DC}.Release|x64.Build.0 = Release|Any CPU
		{7BBAEBA4-C094-4EDA-9CB7-C26099F542DC}.Release|x64.Deploy.0 = Release|Any CPU
		{7BBAEBA4-C094-4EDA-9CB7-C26099F542DC}.Release|x86.ActiveCfg = Release|Any CPU
		{7BBAEBA4-C094-4EDA-9CB7-C26099F542DC}.Release|x86.Build.0 = Release|Any CPU
		{7BBAEBA4-C094-4EDA-9CB7-C26099F542DC}.Release|x86.Deploy.0 = Release|Any CPU
		{BBE89CB0-B832-4E2F-ABD7-C2355D291198}.Ad-Hoc|Any CPU.ActiveCfg = Release|Any CPU
		{BBE89CB0-B832-4E2F-ABD7-C2355D291198}.Ad-Hoc|Any CPU.Build.0 = Release|Any CPU
		{BBE89CB0-B832-4E2F-ABD7-C2355D291198}.Ad-Hoc|ARM.ActiveCfg = Release|Any CPU
		{BBE89CB0-B832-4E2F-ABD7-C2355D291198}.Ad-Hoc|ARM.Build.0 = Release|Any CPU
		{BBE89CB0-B832-4E2F-ABD7-C2355D291198}.Ad-Hoc|iPhone.ActiveCfg = Release|Any CPU
		{BBE89CB0-B832-4E2F-ABD7-C2355D291198}.Ad-Hoc|iPhone.Build.0 = Release|Any CPU
		{BBE89CB0-B832-4E2F-ABD7-C2355D291198}.Ad-Hoc|iPhoneSimulator.ActiveCfg = Release|Any CPU
		{BBE89CB0-B832-4E2F-ABD7-C2355D291198}.Ad-Hoc|iPhoneSimulator.Build.0 = Release|Any CPU
		{BBE89CB0-B832-4E2F-ABD7-C2355D291198}.Ad-Hoc|x64.ActiveCfg = Release|Any CPU
		{BBE89CB0-B832-4E2F-ABD7-C2355D291198}.Ad-Hoc|x64.Build.0 = Release|Any CPU
		{BBE89CB0-B832-4E2F-ABD7-C2355D291198}.Ad-Hoc|x86.ActiveCfg = Release|Any CPU
		{BBE89CB0-B832-4E2F-ABD7-C2355D291198}.Ad-Hoc|x86.Build.0 = Release|Any CPU
		{BBE89CB0-B832-4E2F-ABD7-C2355D291198}.AppStore|Any CPU.ActiveCfg = Release|Any CPU
		{BBE89CB0-B832-4E2F-ABD7-C2355D291198}.AppStore|Any CPU.Build.0 = Release|Any CPU
		{BBE89CB0-B832-4E2F-ABD7-C2355D291198}.AppStore|ARM.ActiveCfg = Release|Any CPU
		{BBE89CB0-B832-4E2F-ABD7-C2355D291198}.AppStore|ARM.Build.0 = Release|Any CPU
		{BBE89CB0-B832-4E2F-ABD7-C2355D291198}.AppStore|iPhone.ActiveCfg = Release|Any CPU
		{BBE89CB0-B832-4E2F-ABD7-C2355D291198}.AppStore|iPhone.Build.0 = Release|Any CPU
		{BBE89CB0-B832-4E2F-ABD7-C2355D291198}.AppStore|iPhoneSimulator.ActiveCfg = Release|Any CPU
		{BBE89CB0-B832-4E2F-ABD7-C2355D291198}.AppStore|iPhoneSimulator.Build.0 = Release|Any CPU
		{BBE89CB0-B832-4E2F-ABD7-C2355D291198}.AppStore|x64.ActiveCfg = Release|Any CPU
		{BBE89CB0-B832-4E2F-ABD7-C2355D291198}.AppStore|x64.Build.0 = Release|Any CPU
		{BBE89CB0-B832-4E2F-ABD7-C2355D291198}.AppStore|x86.ActiveCfg = Release|Any CPU
		{BBE89CB0-B832-4E2F-ABD7-C2355D291198}.AppStore|x86.Build.0 = Release|Any CPU
		{BBE89CB0-B832-4E2F-ABD7-C2355D291198}.Debug|Any CPU.ActiveCfg = Debug|Any CPU
		{BBE89CB0-B832-4E2F-ABD7-C2355D291198}.Debug|Any CPU.Build.0 = Debug|Any CPU
		{BBE89CB0-B832-4E2F-ABD7-C2355D291198}.Debug|ARM.ActiveCfg = Debug|Any CPU
		{BBE89CB0-B832-4E2F-ABD7-C2355D291198}.Debug|ARM.Build.0 = Debug|Any CPU
		{BBE89CB0-B832-4E2F-ABD7-C2355D291198}.Debug|iPhone.ActiveCfg = Debug|Any CPU
		{BBE89CB0-B832-4E2F-ABD7-C2355D291198}.Debug|iPhone.Build.0 = Debug|Any CPU
		{BBE89CB0-B832-4E2F-ABD7-C2355D291198}.Debug|iPhoneSimulator.ActiveCfg = Debug|Any CPU
		{BBE89CB0-B832-4E2F-ABD7-C2355D291198}.Debug|iPhoneSimulator.Build.0 = Debug|Any CPU
		{BBE89CB0-B832-4E2F-ABD7-C2355D291198}.Debug|x64.ActiveCfg = Debug|Any CPU
		{BBE89CB0-B832-4E2F-ABD7-C2355D291198}.Debug|x64.Build.0 = Debug|Any CPU
		{BBE89CB0-B832-4E2F-ABD7-C2355D291198}.Debug|x86.ActiveCfg = Debug|Any CPU
		{BBE89CB0-B832-4E2F-ABD7-C2355D291198}.Debug|x86.Build.0 = Debug|Any CPU
		{BBE89CB0-B832-4E2F-ABD7-C2355D291198}.Release|Any CPU.ActiveCfg = Release|Any CPU
		{BBE89CB0-B832-4E2F-ABD7-C2355D291198}.Release|Any CPU.Build.0 = Release|Any CPU
		{BBE89CB0-B832-4E2F-ABD7-C2355D291198}.Release|ARM.ActiveCfg = Release|Any CPU
		{BBE89CB0-B832-4E2F-ABD7-C2355D291198}.Release|ARM.Build.0 = Release|Any CPU
		{BBE89CB0-B832-4E2F-ABD7-C2355D291198}.Release|iPhone.ActiveCfg = Release|Any CPU
		{BBE89CB0-B832-4E2F-ABD7-C2355D291198}.Release|iPhone.Build.0 = Release|Any CPU
		{BBE89CB0-B832-4E2F-ABD7-C2355D291198}.Release|iPhoneSimulator.ActiveCfg = Release|Any CPU
		{BBE89CB0-B832-4E2F-ABD7-C2355D291198}.Release|iPhoneSimulator.Build.0 = Release|Any CPU
		{BBE89CB0-B832-4E2F-ABD7-C2355D291198}.Release|x64.ActiveCfg = Release|Any CPU
		{BBE89CB0-B832-4E2F-ABD7-C2355D291198}.Release|x64.Build.0 = Release|Any CPU
		{BBE89CB0-B832-4E2F-ABD7-C2355D291198}.Release|x86.ActiveCfg = Release|Any CPU
		{BBE89CB0-B832-4E2F-ABD7-C2355D291198}.Release|x86.Build.0 = Release|Any CPU
		{349BC5DE-FCE5-4642-89DB-88F8C6619C8A}.Ad-Hoc|Any CPU.ActiveCfg = Ad-Hoc|iPhone
		{349BC5DE-FCE5-4642-89DB-88F8C6619C8A}.Ad-Hoc|ARM.ActiveCfg = Ad-Hoc|iPhone
		{349BC5DE-FCE5-4642-89DB-88F8C6619C8A}.Ad-Hoc|iPhone.ActiveCfg = Ad-Hoc|iPhone
		{349BC5DE-FCE5-4642-89DB-88F8C6619C8A}.Ad-Hoc|iPhone.Build.0 = Ad-Hoc|iPhone
		{349BC5DE-FCE5-4642-89DB-88F8C6619C8A}.Ad-Hoc|iPhoneSimulator.ActiveCfg = Ad-Hoc|iPhoneSimulator
		{349BC5DE-FCE5-4642-89DB-88F8C6619C8A}.Ad-Hoc|iPhoneSimulator.Build.0 = Ad-Hoc|iPhoneSimulator
		{349BC5DE-FCE5-4642-89DB-88F8C6619C8A}.Ad-Hoc|x64.ActiveCfg = Ad-Hoc|iPhone
		{349BC5DE-FCE5-4642-89DB-88F8C6619C8A}.Ad-Hoc|x86.ActiveCfg = Ad-Hoc|iPhone
		{349BC5DE-FCE5-4642-89DB-88F8C6619C8A}.AppStore|Any CPU.ActiveCfg = AppStore|iPhone
		{349BC5DE-FCE5-4642-89DB-88F8C6619C8A}.AppStore|ARM.ActiveCfg = AppStore|iPhone
		{349BC5DE-FCE5-4642-89DB-88F8C6619C8A}.AppStore|iPhone.ActiveCfg = AppStore|iPhone
		{349BC5DE-FCE5-4642-89DB-88F8C6619C8A}.AppStore|iPhone.Build.0 = AppStore|iPhone
		{349BC5DE-FCE5-4642-89DB-88F8C6619C8A}.AppStore|iPhoneSimulator.ActiveCfg = AppStore|iPhoneSimulator
		{349BC5DE-FCE5-4642-89DB-88F8C6619C8A}.AppStore|iPhoneSimulator.Build.0 = AppStore|iPhoneSimulator
		{349BC5DE-FCE5-4642-89DB-88F8C6619C8A}.AppStore|x64.ActiveCfg = AppStore|iPhone
		{349BC5DE-FCE5-4642-89DB-88F8C6619C8A}.AppStore|x86.ActiveCfg = AppStore|iPhone
		{349BC5DE-FCE5-4642-89DB-88F8C6619C8A}.Debug|Any CPU.ActiveCfg = Debug|iPhone
		{349BC5DE-FCE5-4642-89DB-88F8C6619C8A}.Debug|ARM.ActiveCfg = Debug|iPhone
		{349BC5DE-FCE5-4642-89DB-88F8C6619C8A}.Debug|iPhone.ActiveCfg = Debug|iPhone
		{349BC5DE-FCE5-4642-89DB-88F8C6619C8A}.Debug|iPhone.Build.0 = Debug|iPhone
		{349BC5DE-FCE5-4642-89DB-88F8C6619C8A}.Debug|iPhoneSimulator.ActiveCfg = Debug|iPhoneSimulator
		{349BC5DE-FCE5-4642-89DB-88F8C6619C8A}.Debug|iPhoneSimulator.Build.0 = Debug|iPhoneSimulator
		{349BC5DE-FCE5-4642-89DB-88F8C6619C8A}.Debug|x64.ActiveCfg = Debug|iPhone
		{349BC5DE-FCE5-4642-89DB-88F8C6619C8A}.Debug|x86.ActiveCfg = Debug|iPhone
		{349BC5DE-FCE5-4642-89DB-88F8C6619C8A}.Release|Any CPU.ActiveCfg = Release|iPhone
		{349BC5DE-FCE5-4642-89DB-88F8C6619C8A}.Release|ARM.ActiveCfg = Release|iPhone
		{349BC5DE-FCE5-4642-89DB-88F8C6619C8A}.Release|iPhone.ActiveCfg = Release|iPhone
		{349BC5DE-FCE5-4642-89DB-88F8C6619C8A}.Release|iPhone.Build.0 = Release|iPhone
		{349BC5DE-FCE5-4642-89DB-88F8C6619C8A}.Release|iPhoneSimulator.ActiveCfg = Release|iPhoneSimulator
		{349BC5DE-FCE5-4642-89DB-88F8C6619C8A}.Release|iPhoneSimulator.Build.0 = Release|iPhoneSimulator
		{349BC5DE-FCE5-4642-89DB-88F8C6619C8A}.Release|x64.ActiveCfg = Release|iPhone
		{349BC5DE-FCE5-4642-89DB-88F8C6619C8A}.Release|x86.ActiveCfg = Release|iPhone
	EndGlobalSection
	GlobalSection(SolutionProperties) = preSolution
		HideSolutionNode = FALSE
	EndGlobalSection
	GlobalSection(ExtensibilityGlobals) = postSolution
		SolutionGuid = {54DCB0C5-BEA4-4997-9F95-36A4FFC6E8F4}
	EndGlobalSection
EndGlobal
